{
  "name": "pdf2pptx",
  "lockfileVersion": 3,
  "requires": true,
  "packages": {
    "": {
      "dependencies": {
        "mupdf": "^1.28.1"
      }
    },
    "node_modules/mupdf": {
      "version": "1.28.1",
      "resolved": "https://registry.npmmirror.com/mupdf/-/mupdf-1.28.1.tgz",
      "integrity": "sha512-Gi11Ow2G1SlrXKJNZBL1eAIGFVih5+4ZKqjptamTVaj/5hnlrcVrVbyb7lHE2lfFKdxZPyv9ZtfOOq7XgjzEig==",
      "license": "AGPL-3.0-or-later"
    }
  }
}
